PODS:
  - camera_avfoundation (0.0.1):
    - Flutter
  - DynamsoftBarcodeReaderBundle (11.2.5000):
    - DynamsoftCaptureVisionBundle (= 3.2.5000)
  - DynamsoftCaptureVisionBundle (3.2.5000)
  - Flutter (1.0.0)
  - flutter_barcode_sdk (3.0.0):
    - DynamsoftBarcodeReaderBundle (= 11.2.5000)
    - Flutter
  - image_picker_ios (0.0.1):
    - Flutter

DEPENDENCIES:
  - camera_avfoundation (from `.symlinks/plugins/camera_avfoundation/ios`)
  - Flutter (from `Flutter`)
  - flutter_barcode_sdk (from `.symlinks/plugins/flutter_barcode_sdk/ios`)
  - image_picker_ios (from `.symlinks/plugins/image_picker_ios/ios`)

SPEC REPOS:
  trunk:
    - DynamsoftBarcodeReaderBundle
    - DynamsoftCaptureVisionBundle

EXTERNAL SOURCES:
  camera_avfoundation:
    :path: ".symlinks/plugins/camera_avfoundation/ios"
  Flutter:
    :path: Flutter
  flutter_barcode_sdk:
    :path: ".symlinks/plugins/flutter_barcode_sdk/ios"
  image_picker_ios:
    :path: ".symlinks/plugins/image_picker_ios/ios"

SPEC CHECKSUMS:
  camera_avfoundation: 5675ca25298b6f81fa0a325188e7df62cc217741
  DynamsoftBarcodeReaderBundle: fd9aa746e894aadd6be70b19041161fae0b90860
  DynamsoftCaptureVisionBundle: 37e1afd359cd3ab25be6a58425cef5a9b17f4bf2
  Flutter: cabc95a1d2626b1b06e7179b784ebcf0c0cde467
  flutter_barcode_sdk: 8dfdc380d5dd67f5862e3ecd7eea809179346575
  image_picker_ios: e0ece4aa2a75771a7de3fa735d26d90817041326

PODFILE CHECKSUM: 4f1c12611da7338d21589c0b2ecd6bd20b109694

COCOAPODS: 1.16.2
