PODS:
  - camera (0.0.1):
    - Flutter
  - DynamsoftBarcodeReader (9.6.0)
  - Flutter (1.0.0)
  - flutter_barcode_sdk (2.2.0):
    - DynamsoftBarcodeReader (= 9.6.0)
    - Flutter
  - image_picker (0.0.1):
    - Flutter
  - path_provider (0.0.1):
    - Flutter

DEPENDENCIES:
  - camera (from `.symlinks/plugins/camera/ios`)
  - Flutter (from `Flutter`)
  - flutter_barcode_sdk (from `.symlinks/plugins/flutter_barcode_sdk/ios`)
  - image_picker (from `.symlinks/plugins/image_picker/ios`)
  - path_provider (from `.symlinks/plugins/path_provider/ios`)

SPEC REPOS:
  trunk:
    - DynamsoftBarcodeReader

EXTERNAL SOURCES:
  camera:
    :path: ".symlinks/plugins/camera/ios"
  Flutter:
    :path: Flutter
  flutter_barcode_sdk:
    :path: ".symlinks/plugins/flutter_barcode_sdk/ios"
  image_picker:
    :path: ".symlinks/plugins/image_picker/ios"
  path_provider:
    :path: ".symlinks/plugins/path_provider/ios"

SPEC CHECKSUMS:
  camera: 9993f92f2c793e87b65e35f3a23c70582afb05b1
  DynamsoftBarcodeReader: e5d82290bee09c2522aaa7e87518fd71b03a9114
  Flutter: 50d75fe2f02b26cc09d224853bb45737f8b3214a
  flutter_barcode_sdk: f939345fbe9b8e90222996342d6fd151395c7d84
  image_picker: 50e7c7ff960e5f58faa4d1f4af84a771c671bc4a
  path_provider: abfe2b5c733d04e238b0d8691db0cfd63a27a93c

PODFILE CHECKSUM: aafe91acc616949ddb318b77800a7f51bffa2a4c

COCOAPODS: 1.11.3
