PODS:
  - file_selector_macos (0.0.1):
    - FlutterMacOS
  - flutter_barcode_sdk_macos (1.0.0):
    - FlutterMacOS
  - flutter_lite_camera (0.0.1):
    - FlutterMacOS
  - FlutterMacOS (1.0.0)

DEPENDENCIES:
  - file_selector_macos (from `Flutter/ephemeral/.symlinks/plugins/file_selector_macos/macos`)
  - flutter_barcode_sdk_macos (from `Flutter/ephemeral/.symlinks/plugins/flutter_barcode_sdk_macos/macos`)
  - flutter_lite_camera (from `Flutter/ephemeral/.symlinks/plugins/flutter_lite_camera/macos`)
  - FlutterMacOS (from `Flutter/ephemeral`)

EXTERNAL SOURCES:
  file_selector_macos:
    :path: Flutter/ephemeral/.symlinks/plugins/file_selector_macos/macos
  flutter_barcode_sdk_macos:
    :path: Flutter/ephemeral/.symlinks/plugins/flutter_barcode_sdk_macos/macos
  flutter_lite_camera:
    :path: Flutter/ephemeral/.symlinks/plugins/flutter_lite_camera/macos
  FlutterMacOS:
    :path: Flutter/ephemeral

SPEC CHECKSUMS:
  file_selector_macos: 9e9e068e90ebee155097d00e89ae91edb2374db7
  flutter_barcode_sdk_macos: cab45b0645dc89f34810460af1773e1899ec1a7e
  flutter_lite_camera: 0a91cbcebca420a0e62955fbcdd7d030cc5da322
  FlutterMacOS: d0db08ddef1a9af05a5ec4b724367152bb0500b1

PODFILE CHECKSUM: 505596d150d38022472859d890f709281982e016

COCOAPODS: 1.16.2
