PODS:
  - file_selector_macos (0.0.1):
    - FlutterMacOS
  - flutter_barcode_sdk_macos (1.0.3):
    - FlutterMacOS
  - flutter_lite_camera (0.2.1):
    - FlutterMacOS
  - FlutterMacOS (1.0.0)

DEPENDENCIES:
  - file_selector_macos (from `Flutter/ephemeral/.symlinks/plugins/file_selector_macos/macos`)
  - flutter_barcode_sdk_macos (from `Flutter/ephemeral/.symlinks/plugins/flutter_barcode_sdk_macos/macos`)
  - flutter_lite_camera (from `Flutter/ephemeral/.symlinks/plugins/flutter_lite_camera/macos`)
  - FlutterMacOS (from `Flutter/ephemeral`)

EXTERNAL SOURCES:
  file_selector_macos:
    :path: Flutter/ephemeral/.symlinks/plugins/file_selector_macos/macos
  flutter_barcode_sdk_macos:
    :path: Flutter/ephemeral/.symlinks/plugins/flutter_barcode_sdk_macos/macos
  flutter_lite_camera:
    :path: Flutter/ephemeral/.symlinks/plugins/flutter_lite_camera/macos
  FlutterMacOS:
    :path: Flutter/ephemeral

SPEC CHECKSUMS:
  file_selector_macos: 9e9e068e90ebee155097d00e89ae91edb2374db7
  flutter_barcode_sdk_macos: 63f35cafa92318bb5c0f7666aeffa124c6892a52
  flutter_lite_camera: 8a5d9aa65ff548ae8f0fbc4b27678449d1a3712c
  FlutterMacOS: d0db08ddef1a9af05a5ec4b724367152bb0500b1

PODFILE CHECKSUM: 505596d150d38022472859d890f709281982e016

COCOAPODS: 1.16.2
