PODS:
  - camera_avfoundation (0.0.1):
    - Flutter
  - DynamsoftBarcodeReaderBundle (11.6.1000):
    - DynamsoftCaptureVisionBundle (= 3.6.1000)
  - DynamsoftCaptureVisionBundle (3.6.1000)
  - Flutter (1.0.0)
  - flutter_barcode_sdk_ios (1.0.2):
    - DynamsoftBarcodeReaderBundle (= 11.6.1000)
    - Flutter
  - image_picker_ios (0.0.1):
    - Flutter

DEPENDENCIES:
  - camera_avfoundation (from `.symlinks/plugins/camera_avfoundation/ios`)
  - Flutter (from `Flutter`)
  - flutter_barcode_sdk_ios (from `.symlinks/plugins/flutter_barcode_sdk_ios/ios`)
  - image_picker_ios (from `.symlinks/plugins/image_picker_ios/ios`)

SPEC REPOS:
  trunk:
    - DynamsoftBarcodeReaderBundle
    - DynamsoftCaptureVisionBundle

EXTERNAL SOURCES:
  camera_avfoundation:
    :path: ".symlinks/plugins/camera_avfoundation/ios"
  Flutter:
    :path: Flutter
  flutter_barcode_sdk_ios:
    :path: ".symlinks/plugins/flutter_barcode_sdk_ios/ios"
  image_picker_ios:
    :path: ".symlinks/plugins/image_picker_ios/ios"

SPEC CHECKSUMS:
  camera_avfoundation: 5675ca25298b6f81fa0a325188e7df62cc217741
  DynamsoftBarcodeReaderBundle: 84c6dfb0d6b934f7a038c383463f8eb53537e946
  DynamsoftCaptureVisionBundle: 73079c45b424422fc4dca8110875037c0794da47
  Flutter: cabc95a1d2626b1b06e7179b784ebcf0c0cde467
  flutter_barcode_sdk_ios: 867a7edf3bd5a501cf51294847e9f6cfba9fe43d
  image_picker_ios: e0ece4aa2a75771a7de3fa735d26d90817041326

PODFILE CHECKSUM: 3c63482e143d1b91d2d2560aee9fb04ecc74ac7e

COCOAPODS: 1.16.2
